
Microsoft Visual Studio Solution File, Format Version 12.00
# Visual Studio Version 16
VisualStudioVersion = 16.0.30011.22
MinimumVisualStudioVersion = 10.0.40219.1
Project("{FAE04EC0-301F-11D3-BF4B-00C04F79EFBC}") = "BoxPacker", "BoxPacker.csproj", "{BBB5FDF9-D201-4E2E-8B38-C041B5B6F9A7}"
EndProject
Project("{FAE04EC0-301F-11D3-BF4B-00C04F79EFBC}") = "BoxPacker.Core", "..\BoxPacker.Core\BoxPacker.Core.csproj", "{29ADB60D-641A-40A6-83D4-9E1042B0625B}"
EndProject
Global
	GlobalSection(SolutionConfigurationPlatforms) = preSolution
		Debug|Any CPU = Debug|Any CPU
		Release|Any CPU = Release|Any CPU
	EndGlobalSection
	GlobalSection(ProjectConfigurationPlatforms) = postSolution
		{BBB5FDF9-D201-4E2E-8B38-C041B5B6F9A7}.Debug|Any CPU.ActiveCfg = Debug|Any CPU
		{BBB5FDF9-D201-4E2E-8B38-C041B5B6F9A7}.Debug|Any CPU.Build.0 = Debug|Any CPU
		{BBB5FDF9-D201-4E2E-8B38-C041B5B6F9A7}.Release|Any CPU.ActiveCfg = Release|Any CPU
		{BBB5FDF9-D201-4E2E-8B38-C041B5B6F9A7}.Release|Any CPU.Build.0 = Release|Any CPU
		{29ADB60D-641A-40A6-83D4-9E1042B0625B}.Debug|Any CPU.ActiveCfg = Debug|Any CPU
		{29ADB60D-641A-40A6-83D4-9E1042B0625B}.Debug|Any CPU.Build.0 = Debug|Any CPU
		{29ADB60D-641A-40A6-83D4-9E1042B0625B}.Release|Any CPU.ActiveCfg = Release|Any CPU
		{29ADB60D-641A-40A6-83D4-9E1042B0625B}.Release|Any CPU.Build.0 = Release|Any CPU
	EndGlobalSection
	GlobalSection(SolutionProperties) = preSolution
		HideSolutionNode = FALSE
	EndGlobalSection
	GlobalSection(ExtensibilityGlobals) = postSolution
		SolutionGuid = {A925993E-B812-4ED0-A6F2-ED662AC97C6A}
	EndGlobalSection
EndGlobal
